// !$*UTF8*$!
{
	archiveVersion = 1;
	classes = {
	};
	objectVersion = 46;
	objects = {

/* Begin PBXBuildFile section */
		84E9361D1A96308F0031FBCD /* main.m in Sources */ = {isa = PBXBuildFile; fileRef = 84E9361C1A96308F0031FBCD /* main.m */; };
		84E936201A96308F0031FBCD /* AppDelegate.m in Sources */ = {isa = PBXBuildFile; fileRef = 84E9361F1A96308F0031FBCD /* AppDelegate.m */; };
		84E936231A96308F0031FBCD /* ViewController.m in Sources */ = {isa = PBXBuildFile; fileRef = 84E936221A96308F0031FBCD /* ViewController.m */; };
		84E936261A96308F0031FBCD /* Main.storyboard in Resources */ = {isa = PBXBuildFile; fileRef = 84E936241A96308F0031FBCD /* Main.storyboard */; };
		84E936281A96308F0031FBCD /* Images.xcassets in Resources */ = {isa = PBXBuildFile; fileRef = 84E936271A96308F0031FBCD /* Images.xcassets */; };
		84E9362B1A96308F0031FBCD /* LaunchScreen.xib in Resources */ = {isa = PBXBuildFile; fileRef = 84E936291A96308F0031FBCD /* LaunchScreen.xib */; };
		84E936371A96308F0031FBCD /* CalculatorTests.m in Sources */ = {isa = PBXBuildFile; fileRef = 84E936361A96308F0031FBCD /* CalculatorTests.m */; };
/* End PBXBuildFile section */

/* Begin PBXContainerItemProxy section */
		84E936311A96308F0031FBCD /* PBXContainerItemProxy */ = {
			isa = PBXContainerItemProxy;
			containerPortal = 84E9360F1A96308F0031FBCD /* Project object */;
			proxyType = 1;
			remoteGlobalIDString = 84E936161A96308F0031FBCD;
			remoteInfo = Calculator;
		};
/* End PBXContainerItemProxy section */

/* Begin PBXFileReference section */
		84E936171A96308F0031FBCD /* Calculator.app */ = {isa = PBXFileReference; explicitFileType = wrapper.application; includeInIndex = 0; path = Calculator.app; sourceTree = BUILT_PRODUCTS_DIR; };
		84E9361B1A96308F0031FBCD /* Info.plist */ = {isa = PBXFileReference; lastKnownFileType = text.plist.xml; path = Info.plist; sourceTree = "<group>"; };
		84E9361C1A96308F0031FBCD /* main.m */ = {isa = PBXFileReference; lastKnownFileType = sourcecode.c.objc; path = main.m; sourceTree = "<group>"; };
		84E9361E1A96308F0031FBCD /* AppDelegate.h */ = {isa = PBXFileReference; lastKnownFileType = sourcecode.c.h; path = AppDelegate.h; sourceTree = "<group>"; };
		84E9361F1A96308F0031FBCD /* AppDelegate.m */ = {isa = PBXFileReference; lastKnownFileType = sourcecode.c.objc; path = AppDelegate.m; sourceTree = "<group>"; };
		84E936211A96308F0031FBCD /* ViewController.h */ = {isa = PBXFileReference; lastKnownFileType = sourcecode.c.h; path = ViewController.h; sourceTree = "<group>"; };
		84E936221A96308F0031FBCD /* ViewController.m */ = {isa = PBXFileReference; lastKnownFileType = sourcecode.c.objc; path = ViewController.m; sourceTree = "<group>"; };
		84E936251A96308F0031FBCD /* Base */ = {isa = PBXFileReference; lastKnownFileType = file.storyboard; name = Base; path = Base.lproj/Main.storyboard; sourceTree = "<group>"; };
		84E936271A96308F0031FBCD /* Images.xcassets */ = {isa = PBXFileReference; lastKnownFileType = folder.assetcatalog; path = Images.xcassets; sourceTree = "<group>"; };
		84E9362A1A96308F0031FBCD /* Base */ = {isa = PBXFileReference; lastKnownFileType = file.xib; name = Base; path = Base.lproj/LaunchScreen.xib; sourceTree = "<group>"; };
		84E936301A96308F0031FBCD /* CalculatorTests.xctest */ = {isa = PBXFileReference; explicitFileType = wrapper.cfbundle; includeInIndex = 0; path = CalculatorTests.xctest; sourceTree = BUILT_PRODUCTS_DIR; };
		84E936351A96308F0031FBCD /* Info.plist */ = {isa = PBXFileReference; lastKnownFileType = text.plist.xml; path = Info.plist; sourceTree = "<group>"; };
		84E936361A96308F0031FBCD /* CalculatorTests.m */ = {isa = PBXFileReference; lastKnownFileType = sourcecode.c.objc; path = CalculatorTests.m; sourceTree = "<group>"; };
/* End PBXFileReference section */

/* Begin PBXFrameworksBuildPhase section */
		84E936141A96308F0031FBCD /* Frameworks */ = {
			isa = PBXFrameworksBuildPhase;
			buildActionMask = 2147483647;
			files = (
			);
			runOnlyForDeploymentPostprocessing = 0;
		};
		84E9362D1A96308F0031FBCD /* Frameworks */ = {
			isa = PBXFrameworksBuildPhase;
			buildActionMask = 2147483647;
			files = (
			);
			runOnlyForDeploymentPostprocessing = 0;
		};
/* End PBXFrameworksBuildPhase section */

/* Begin PBXGroup section */
		84E9360E1A96308F0031FBCD = {
			isa = PBXGroup;
			children = (
				84E936191A96308F0031FBCD /* Calculator */,
				84E936331A96308F0031FBCD /* CalculatorTests */,
				84E936181A96308F0031FBCD /* Products */,
			);
			sourceTree = "<group>";
		};
		84E936181A96308F0031FBCD /* Products */ = {
			isa = PBXGroup;
			children = (
				84E936171A96308F0031FBCD /* Calculator.app */,
				84E936301A96308F0031FBCD /* CalculatorTests.xctest */,
			);
			name = Products;
			sourceTree = "<group>";
		};
		84E936191A96308F0031FBCD /* Calculator */ = {
			isa = PBXGroup;
			children = (
				84E9361E1A96308F0031FBCD /* AppDelegate.h */,
				84E9361F1A96308F0031FBCD /* AppDelegate.m */,
				84E936211A96308F0031FBCD /* ViewController.h */,
				84E936221A96308F0031FBCD /* ViewController.m */,
				84E936241A96308F0031FBCD /* Main.storyboard */,
				84E936271A96308F0031FBCD /* Images.xcassets */,
				84E936291A96308F0031FBCD /* LaunchScreen.xib */,
				84E9361A1A96308F0031FBCD /* Supporting Files */,
			);
			path = Calculator;
			sourceTree = "<group>";
		};
		84E9361A1A96308F0031FBCD /* Supporting Files */ = {
			isa = PBXGroup;
			children = (
				84E9361B1A96308F0031FBCD /* Info.plist */,
				84E9361C1A96308F0031FBCD /* main.m */,
			);
			name = "Supporting Files";
			sourceTree = "<group>";
		};
		84E936331A96308F0031FBCD /* CalculatorTests */ = {
			isa = PBXGroup;
			children = (
				84E936361A96308F0031FBCD /* CalculatorTests.m */,
				84E936341A96308F0031FBCD /* Supporting Files */,
			);
			path = CalculatorTests;
			sourceTree = "<group>";
		};
		84E936341A96308F0031FBCD /* Supporting Files */ = {
			isa = PBXGroup;
			children = (
				84E936351A96308F0031FBCD /* Info.plist */,
			);
			name = "Supporting Files";
			sourceTree = "<group>";
		};
/* End PBXGroup section */

/* Begin PBXNativeTarget section */
		84E936161A96308F0031FBCD /* Calculator */ = {
			isa = PBXNativeTarget;
			buildConfigurationList = 84E9363A1A96308F0031FBCD /* Build configuration list for PBXNativeTarget "Calculator" */;
			buildPhases = (
				84E936131A96308F0031FBCD /* Sources */,
				84E936141A96308F0031FBCD /* Frameworks */,
				84E936151A96308F0031FBCD /* Resources */,
			);
			buildRules = (
			);
			dependencies = (
			);
			name = Calculator;
			productName = Calculator;
			productReference = 84E936171A96308F0031FBCD /* Calculator.app */;
			productType = "com.apple.product-type.application";
		};
		84E9362F1A96308F0031FBCD /* CalculatorTests */ = {
			isa = PBXNativeTarget;
			buildConfigurationList = 84E9363D1A96308F0031FBCD /* Build configuration list for PBXNativeTarget "CalculatorTests" */;
			buildPhases = (
				84E9362C1A96308F0031FBCD /* Sources */,
				84E9362D1A96308F0031FBCD /* Frameworks */,
				84E9362E1A96308F0031FBCD /* Resources */,
			);
			buildRules = (
			);
			dependencies = (
				84E936321A96308F0031FBCD /* PBXTargetDependency */,
			);
			name = CalculatorTests;
			productName = CalculatorTests;
			productReference = 84E936301A96308F0031FBCD /* CalculatorTests.xctest */;
			productType = "com.apple.product-type.bundle.unit-test";
		};
/* End PBXNativeTarget section */

/* Begin PBXProject section */
		84E9360F1A96308F0031FBCD /* Project object */ = {
			isa = PBXProject;
			attributes = {
				LastUpgradeCheck = 0610;
				ORGANIZATIONNAME = Admin;
				TargetAttributes = {
					84E936161A96308F0031FBCD = {
						CreatedOnToolsVersion = 6.1;
					};
					84E9362F1A96308F0031FBCD = {
						CreatedOnToolsVersion = 6.1;
						TestTargetID = 84E936161A96308F0031FBCD;
					};
				};
			};
			buildConfigurationList = 84E936121A96308F0031FBCD /* Build configuration list for PBXProject "Calculator" */;
			compatibilityVersion = "Xcode 3.2";
			developmentRegion = English;
			hasScannedForEncodings = 0;
			knownRegions = (
				en,
				Base,
			);
			mainGroup = 84E9360E1A96308F0031FBCD;
			productRefGroup = 84E936181A96308F0031FBCD /* Products */;
			projectDirPath = "";
			projectRoot = "";
			targets = (
				84E936161A96308F0031FBCD /* Calculator */,
				84E9362F1A96308F0031FBCD /* CalculatorTests */,
			);
		};
/* End PBXProject section */

/* Begin PBXResourcesBuildPhase section */
		84E936151A96308F0031FBCD /* Resources */ = {
			isa = PBXResourcesBuildPhase;
			buildActionMask = 2147483647;
			files = (
				84E936261A96308F0031FBCD /* Main.storyboard in Resources */,
				84E9362B1A96308F0031FBCD /* LaunchScreen.xib in Resources */,
				84E936281A96308F0031FBCD /* Images.xcassets in Resources */,
			);
			runOnlyForDeploymentPostprocessing = 0;
		};
		84E9362E1A96308F0031FBCD /* Resources */ = {
			isa = PBXResourcesBuildPhase;
			buildActionMask = 2147483647;
			files = (
			);
			runOnlyForDeploymentPostprocessing = 0;
		};
/* End PBXResourcesBuildPhase section */

/* Begin PBXSourcesBuildPhase section */
		84E936131A96308F0031FBCD /* Sources */ = {
			isa = PBXSourcesBuildPhase;
			buildActionMask = 2147483647;
			files = (
				84E936231A96308F0031FBCD /* ViewController.m in Sources */,
				84E936201A96308F0031FBCD /* AppDelegate.m in Sources */,
				84E9361D1A96308F0031FBCD /* main.m in Sources */,
			);
			runOnlyForDeploymentPostprocessing = 0;
		};
		84E9362C1A96308F0031FBCD /* Sources */ = {
			isa = PBXSourcesBuildPhase;
			buildActionMask = 2147483647;
			files = (
				84E936371A96308F0031FBCD /* CalculatorTests.m in Sources */,
			);
			runOnlyForDeploymentPostprocessing = 0;
		};
/* End PBXSourcesBuildPhase section */

/* Begin PBXTargetDependency section */
		84E936321A96308F0031FBCD /* PBXTargetDependency */ = {
			isa = PBXTargetDependency;
			target = 84E936161A96308F0031FBCD /* Calculator */;
			targetProxy = 84E936311A96308F0031FBCD /* PBXContainerItemProxy */;
		};
/* End PBXTargetDependency section */

/* Begin PBXVariantGroup section */
		84E936241A96308F0031FBCD /* Main.storyboard */ = {
			isa = PBXVariantGroup;
			children = (
				84E936251A96308F0031FBCD /* Base */,
			);
			name = Main.storyboard;
			sourceTree = "<group>";
		};
		84E936291A96308F0031FBCD /* LaunchScreen.xib */ = {
			isa = PBXVariantGroup;
			children = (
				84E9362A1A96308F0031FBCD /* Base */,
			);
			name = LaunchScreen.xib;
			sourceTree = "<group>";
		};
/* End PBXVariantGroup section */

/* Begin XCBuildConfiguration section */
		84E936381A96308F0031FBCD /* Debug */ = {
			isa = XCBuildConfiguration;
			buildSettings = {
				ALWAYS_SEARCH_USER_PATHS = NO;
				CLANG_CXX_LANGUAGE_STANDARD = "gnu++0x";
				CLANG_CXX_LIBRARY = "libc++";
				CLANG_ENABLE_MODULES = YES;
				CLANG_ENABLE_OBJC_ARC = YES;
				CLANG_WARN_BOOL_CONVERSION = YES;
				CLANG_WARN_CONSTANT_CONVERSION = YES;
				CLANG_WARN_DIRECT_OBJC_ISA_USAGE = YES_ERROR;
				CLANG_WARN_EMPTY_BODY = YES;
				CLANG_WARN_ENUM_CONVERSION = YES;
				CLANG_WARN_INT_CONVERSION = YES;
				CLANG_WARN_OBJC_ROOT_CLASS = YES_ERROR;
				CLANG_WARN_UNREACHABLE_CODE = YES;
				CLANG_WARN__DUPLICATE_METHOD_MATCH = YES;
				"CODE_SIGN_IDENTITY[sdk=iphoneos*]" = "iPhone Developer";
				COPY_PHASE_STRIP = NO;
				ENABLE_STRICT_OBJC_MSGSEND = YES;
				GCC_C_LANGUAGE_STANDARD = gnu99;
				GCC_DYNAMIC_NO_PIC = NO;
				GCC_OPTIMIZATION_LEVEL = 0;
				GCC_PREPROCESSOR_DEFINITIONS = (
					"DEBUG=1",
					"$(inherited)",
				);
				GCC_SYMBOLS_PRIVATE_EXTERN = NO;
				GCC_WARN_64_TO_32_BIT_CONVERSION = YES;
				GCC_WARN_ABOUT_RETURN_TYPE = YES_ERROR;
				GCC_WARN_UNDECLARED_SELECTOR = YES;
				GCC_WARN_UNINITIALIZED_AUTOS = YES_AGGRESSIVE;
				GCC_WARN_UNUSED_FUNCTION = YES;
				GCC_WARN_UNUSED_VARIABLE = YES;
				IPHONEOS_DEPLOYMENT_TARGET = 8.1;
				MTL_ENABLE_DEBUG_INFO = YES;
				ONLY_ACTIVE_ARCH = YES;
				SDKROOT = iphoneos;
			};
			name = Debug;
		};
		84E936391A96308F0031FBCD /* Release */ = {
			isa = XCBuildConfiguration;
			buildSettings = {
				ALWAYS_SEARCH_USER_PATHS = NO;
				CLANG_CXX_LANGUAGE_STANDARD = "gnu++0x";
				CLANG_CXX_LIBRARY = "libc++";
				CLANG_ENABLE_MODULES = YES;
				CLANG_ENABLE_OBJC_ARC = YES;
				CLANG_WARN_BOOL_CONVERSION = YES;
				CLANG_WARN_CONSTANT_CONVERSION = YES;
				CLANG_WARN_DIRECT_OBJC_ISA_USAGE = YES_ERROR;
				CLANG_WARN_EMPTY_BODY = YES;
				CLANG_WARN_ENUM_CONVERSION = YES;
				CLANG_WARN_INT_CONVERSION = YES;
				CLANG_WARN_OBJC_ROOT_CLASS = YES_ERROR;
				CLANG_WARN_UNREACHABLE_CODE = YES;
				CLANG_WARN__DUPLICATE_METHOD_MATCH = YES;
				"CODE_SIGN_IDENTITY[sdk=iphoneos*]" = "iPhone Developer";
				COPY_PHASE_STRIP = YES;
				ENABLE_NS_ASSERTIONS = NO;
				ENABLE_STRICT_OBJC_MSGSEND = YES;
				GCC_C_LANGUAGE_STANDARD = gnu99;
				GCC_WARN_64_TO_32_BIT_CONVERSION = YES;
				GCC_WARN_ABOUT_RETURN_TYPE = YES_ERROR;
				GCC_WARN_UNDECLARED_SELECTOR = YES;
				GCC_WARN_UNINITIALIZED_AUTOS = YES_AGGRESSIVE;
				GCC_WARN_UNUSED_FUNCTION = YES;
				GCC_WARN_UNUSED_VARIABLE = YES;
				IPHONEOS_DEPLOYMENT_TARGET = 8.1;
				MTL_ENABLE_DEBUG_INFO = NO;
				SDKROOT = iphoneos;
				VALIDATE_PRODUCT = YES;
			};
			name = Release;
		};
		84E9363B1A96308F0031FBCD /* Debug */ = {
			isa = XCBuildConfiguration;
			buildSettings = {
				ASSETCATALOG_COMPILER_APPICON_NAME = AppIcon;
				INFOPLIST_FILE = Calculator/Info.plist;
				LD_RUNPATH_SEARCH_PATHS = "$(inherited) @executable_path/Frameworks";
				PRODUCT_NAME = "$(TARGET_NAME)";
			};
			name = Debug;
		};
		84E9363C1A96308F0031FBCD /* Release */ = {
			isa = XCBuildConfiguration;
			buildSettings = {
				ASSETCATALOG_COMPILER_APPICON_NAME = AppIcon;
				INFOPLIST_FILE = Calculator/Info.plist;
				LD_RUNPATH_SEARCH_PATHS = "$(inherited) @executable_path/Frameworks";
				PRODUCT_NAME = "$(TARGET_NAME)";
			};
			name = Release;
		};
		84E9363E1A96308F0031FBCD /* Debug */ = {
			isa = XCBuildConfiguration;
			buildSettings = {
				BUNDLE_LOADER = "$(TEST_HOST)";
				FRAMEWORK_SEARCH_PATHS = (
					"$(SDKROOT)/Developer/Library/Frameworks",
					"$(inherited)",
				);
				GCC_PREPROCESSOR_DEFINITIONS = (
					"DEBUG=1",
					"$(inherited)",
				);
				INFOPLIST_FILE = CalculatorTests/Info.plist;
				LD_RUNPATH_SEARCH_PATHS = "$(inherited) @executable_path/Frameworks @loader_path/Frameworks";
				PRODUCT_NAME = "$(TARGET_NAME)";
				TEST_HOST = "$(BUILT_PRODUCTS_DIR)/Calculator.app/Calculator";
			};
			name = Debug;
		};
		84E9363F1A96308F0031FBCD /* Release */ = {
			isa = XCBuildConfiguration;
			buildSettings = {
				BUNDLE_LOADER = "$(TEST_HOST)";
				FRAMEWORK_SEARCH_PATHS = (
					"$(SDKROOT)/Developer/Library/Frameworks",
					"$(inherited)",
				);
				INFOPLIST_FILE = CalculatorTests/Info.plist;
				LD_RUNPATH_SEARCH_PATHS = "$(inherited) @executable_path/Frameworks @loader_path/Frameworks";
				PRODUCT_NAME = "$(TARGET_NAME)";
				TEST_HOST = "$(BUILT_PRODUCTS_DIR)/Calculator.app/Calculator";
			};
			name = Release;
		};
/* End XCBuildConfiguration section */

/* Begin XCConfigurationList section */
		84E936121A96308F0031FBCD /* Build configuration list for PBXProject "Calculator" */ = {
			isa = XCConfigurationList;
			buildConfigurations = (
				84E936381A96308F0031FBCD /* Debug */,
				84E936391A96308F0031FBCD /* Release */,
			);
			defaultConfigurationIsVisible = 0;
			defaultConfigurationName = Release;
		};
		84E9363A1A96308F0031FBCD /* Build configuration list for PBXNativeTarget "Calculator" */ = {
			isa = XCConfigurationList;
			buildConfigurations = (
				84E9363B1A96308F0031FBCD /* Debug */,
				84E9363C1A96308F0031FBCD /* Release */,
			);
			defaultConfigurationIsVisible = 0;
		};
		84E9363D1A96308F0031FBCD /* Build configuration list for PBXNativeTarget "CalculatorTests" */ = {
			isa = XCConfigurationList;
			buildConfigurations = (
				84E9363E1A96308F0031FBCD /* Debug */,
				84E9363F1A96308F0031FBCD /* Release */,
			);
			defaultConfigurationIsVisible = 0;
		};
/* End XCConfigurationList section */
	};
	rootObject = 84E9360F1A96308F0031FBCD /* Project object */;
}
